
Microsoft Visual Studio Solution File, Format Version 12.00
# Visual Studio Version 16
VisualStudioVersion = 16.0.33423.256
MinimumVisualStudioVersion = 10.0.40219.1
Project("{8BC9CEB8-8B4A-11D0-8D11-00A0C91BC942}") = "Lab_1_asmb", "Lab_1_asmb\Lab_1_asmb.vcxproj", "{CE924CFB-7515-4BFD-9C12-D15D710DA8EE}"
EndProject
Global
	GlobalSection(SolutionConfigurationPlatforms) = preSolution
		Debug|x64 = Debug|x64
		Debug|x86 = Debug|x86
		Release|x64 = Release|x64
		Release|x86 = Release|x86
	EndGlobalSection
	GlobalSection(ProjectConfigurationPlatforms) = postSolution
		{CE924CFB-7515-4BFD-9C12-D15D710DA8EE}.Debug|x64.ActiveCfg = Debug|x64
		{CE924CFB-7515-4BFD-9C12-D15D710DA8EE}.Debug|x64.Build.0 = Debug|x64
		{CE924CFB-7515-4BFD-9C12-D15D710DA8EE}.Debug|x86.ActiveCfg = Debug|Win32
		{CE924CFB-7515-4BFD-9C12-D15D710DA8EE}.Debug|x86.Build.0 = Debug|Win32
		{CE924CFB-7515-4BFD-9C12-D15D710DA8EE}.Release|x64.ActiveCfg = Release|x64
		{CE924CFB-7515-4BFD-9C12-D15D710DA8EE}.Release|x64.Build.0 = Release|x64
		{CE924CFB-7515-4BFD-9C12-D15D710DA8EE}.Release|x86.ActiveCfg = Release|Win32
		{CE924CFB-7515-4BFD-9C12-D15D710DA8EE}.Release|x86.Build.0 = Release|Win32
	EndGlobalSection
	GlobalSection(SolutionProperties) = preSolution
		HideSolutionNode = FALSE
	EndGlobalSection
	GlobalSection(ExtensibilityGlobals) = postSolution
		SolutionGuid = {6C3CDBC9-6B46-4823-A34F-4E08A63027B0}
	EndGlobalSection
EndGlobal
